
Microsoft Visual Studio Solution File, Format Version 11.00
# Visual Studio 2010
Project("{FAE04EC0-301F-11D3-BF4B-00C04F79EFBC}") = "FBBarretos", "Assembly-CSharp.csproj", "{F1CA32B4-884A-A1B2-E596-F2C1CC669F53}"
EndProject
Global
	GlobalSection(SolutionConfigurationPlatforms) = preSolution
		Debug|Any CPU = Debug|Any CPU
		Release|Any CPU = Release|Any CPU
	EndGlobalSection
	GlobalSection(ProjectConfigurationPlatforms) = postSolution
		{F1CA32B4-884A-A1B2-E596-F2C1CC669F53}.Debug|Any CPU.ActiveCfg = Debug|Any CPU
		{F1CA32B4-884A-A1B2-E596-F2C1CC669F53}.Debug|Any CPU.Build.0 = Debug|Any CPU
		{F1CA32B4-884A-A1B2-E596-F2C1CC669F53}.Release|Any CPU.ActiveCfg = Release|Any CPU
		{F1CA32B4-884A-A1B2-E596-F2C1CC669F53}.Release|Any CPU.Build.0 = Release|Any CPU
	EndGlobalSection
	GlobalSection(SolutionProperties) = preSolution
		HideSolutionNode = FALSE
	EndGlobalSection
	GlobalSection(MonoDevelopProperties) = preSolution
		StartupItem = Assembly-CSharp.csproj
	EndGlobalSection
EndGlobal
